
Microsoft Visual Studio Solution File, Format Version 12.00
# Visual Studio 15
VisualStudioVersion = 15.0.28307.902
MinimumVisualStudioVersion = 10.0.40219.1
Project("{2150E333-8FDC-42A3-9474-1A3956D46DE8}") = "Tests", "Tests", "{03857B97-0F11-42EA-A3AF-836B0EDCB996}"
EndProject
Project("{2150E333-8FDC-42A3-9474-1A3956D46DE8}") = "UITests", "UITests", "{750191A2-AD7A-4CD4-8AC9-E8973A11A7C6}"
EndProject
Project("{9A19103F-16F7-4668-BE54-9A1E7A4F7556}") = "QA.Validation.Xaml", "QA.Validation.Xaml\QA.Validation.Xaml.csproj", "{4D482388-33C4-47C3-86C8-935C4F07D80D}"
EndProject
Project("{9A19103F-16F7-4668-BE54-9A1E7A4F7556}") = "QA.Validation.Xaml.Tests", "QA.Validation.Xaml.Tests\QA.Validation.Xaml.Tests.csproj", "{5137E9E7-DD71-4EEC-B4CA-F56088FF83EE}"
EndProject
Project("{9A19103F-16F7-4668-BE54-9A1E7A4F7556}") = "QA.Validation.Xaml.Extensions", "QA.Validation.Xaml.Extensions\QA.Validation.Xaml.Extensions.csproj", "{9A4775AE-447A-409E-896A-A042029901B9}"
EndProject
Project("{9A19103F-16F7-4668-BE54-9A1E7A4F7556}") = "QA.Validation.Extensions.Tests", "QA.Validation.Extensions.Tests\QA.Validation.Extensions.Tests.csproj", "{02A1D052-60D4-40BF-8286-B65469FFFF33}"
EndProject
Global
	GlobalSection(SolutionConfigurationPlatforms) = preSolution
		Debug|Any CPU = Debug|Any CPU
		Debug|Mixed Platforms = Debug|Mixed Platforms
		Debug|x86 = Debug|x86
		Release|Any CPU = Release|Any CPU
		Release|Mixed Platforms = Release|Mixed Platforms
		Release|x86 = Release|x86
	EndGlobalSection
	GlobalSection(ProjectConfigurationPlatforms) = postSolution
		{4D482388-33C4-47C3-86C8-935C4F07D80D}.Debug|Any CPU.ActiveCfg = Debug|Any CPU
		{4D482388-33C4-47C3-86C8-935C4F07D80D}.Debug|Any CPU.Build.0 = Debug|Any CPU
		{4D482388-33C4-47C3-86C8-935C4F07D80D}.Debug|Mixed Platforms.ActiveCfg = Debug|Any CPU
		{4D482388-33C4-47C3-86C8-935C4F07D80D}.Debug|Mixed Platforms.Build.0 = Debug|Any CPU
		{4D482388-33C4-47C3-86C8-935C4F07D80D}.Debug|x86.ActiveCfg = Debug|Any CPU
		{4D482388-33C4-47C3-86C8-935C4F07D80D}.Release|Any CPU.ActiveCfg = Release|Any CPU
		{4D482388-33C4-47C3-86C8-935C4F07D80D}.Release|Any CPU.Build.0 = Release|Any CPU
		{4D482388-33C4-47C3-86C8-935C4F07D80D}.Release|Mixed Platforms.ActiveCfg = Release|Any CPU
		{4D482388-33C4-47C3-86C8-935C4F07D80D}.Release|Mixed Platforms.Build.0 = Release|Any CPU
		{4D482388-33C4-47C3-86C8-935C4F07D80D}.Release|x86.ActiveCfg = Release|Any CPU
		{5137E9E7-DD71-4EEC-B4CA-F56088FF83EE}.Debug|Any CPU.ActiveCfg = Debug|Any CPU
		{5137E9E7-DD71-4EEC-B4CA-F56088FF83EE}.Debug|Any CPU.Build.0 = Debug|Any CPU
		{5137E9E7-DD71-4EEC-B4CA-F56088FF83EE}.Debug|Mixed Platforms.ActiveCfg = Debug|Any CPU
		{5137E9E7-DD71-4EEC-B4CA-F56088FF83EE}.Debug|Mixed Platforms.Build.0 = Debug|Any CPU
		{5137E9E7-DD71-4EEC-B4CA-F56088FF83EE}.Debug|x86.ActiveCfg = Debug|Any CPU
		{5137E9E7-DD71-4EEC-B4CA-F56088FF83EE}.Release|Any CPU.ActiveCfg = Release|Any CPU
		{5137E9E7-DD71-4EEC-B4CA-F56088FF83EE}.Release|Any CPU.Build.0 = Release|Any CPU
		{5137E9E7-DD71-4EEC-B4CA-F56088FF83EE}.Release|Mixed Platforms.ActiveCfg = Release|Any CPU
		{5137E9E7-DD71-4EEC-B4CA-F56088FF83EE}.Release|Mixed Platforms.Build.0 = Release|Any CPU
		{5137E9E7-DD71-4EEC-B4CA-F56088FF83EE}.Release|x86.ActiveCfg = Release|Any CPU
		{9A4775AE-447A-409E-896A-A042029901B9}.Debug|Any CPU.ActiveCfg = Debug|Any CPU
		{9A4775AE-447A-409E-896A-A042029901B9}.Debug|Any CPU.Build.0 = Debug|Any CPU
		{9A4775AE-447A-409E-896A-A042029901B9}.Debug|Mixed Platforms.ActiveCfg = Debug|Any CPU
		{9A4775AE-447A-409E-896A-A042029901B9}.Debug|Mixed Platforms.Build.0 = Debug|Any CPU
		{9A4775AE-447A-409E-896A-A042029901B9}.Debug|x86.ActiveCfg = Debug|Any CPU
		{9A4775AE-447A-409E-896A-A042029901B9}.Release|Any CPU.ActiveCfg = Release|Any CPU
		{9A4775AE-447A-409E-896A-A042029901B9}.Release|Any CPU.Build.0 = Release|Any CPU
		{9A4775AE-447A-409E-896A-A042029901B9}.Release|Mixed Platforms.ActiveCfg = Release|Any CPU
		{9A4775AE-447A-409E-896A-A042029901B9}.Release|Mixed Platforms.Build.0 = Release|Any CPU
		{9A4775AE-447A-409E-896A-A042029901B9}.Release|x86.ActiveCfg = Release|Any CPU
		{02A1D052-60D4-40BF-8286-B65469FFFF33}.Debug|Any CPU.ActiveCfg = Debug|Any CPU
		{02A1D052-60D4-40BF-8286-B65469FFFF33}.Debug|Any CPU.Build.0 = Debug|Any CPU
		{02A1D052-60D4-40BF-8286-B65469FFFF33}.Debug|Mixed Platforms.ActiveCfg = Debug|Any CPU
		{02A1D052-60D4-40BF-8286-B65469FFFF33}.Debug|Mixed Platforms.Build.0 = Debug|Any CPU
		{02A1D052-60D4-40BF-8286-B65469FFFF33}.Debug|x86.ActiveCfg = Debug|Any CPU
		{02A1D052-60D4-40BF-8286-B65469FFFF33}.Release|Any CPU.ActiveCfg = Release|Any CPU
		{02A1D052-60D4-40BF-8286-B65469FFFF33}.Release|Any CPU.Build.0 = Release|Any CPU
		{02A1D052-60D4-40BF-8286-B65469FFFF33}.Release|Mixed Platforms.ActiveCfg = Release|Any CPU
		{02A1D052-60D4-40BF-8286-B65469FFFF33}.Release|Mixed Platforms.Build.0 = Release|Any CPU
		{02A1D052-60D4-40BF-8286-B65469FFFF33}.Release|x86.ActiveCfg = Release|Any CPU
	EndGlobalSection
	GlobalSection(SolutionProperties) = preSolution
		HideSolutionNode = FALSE
	EndGlobalSection
	GlobalSection(NestedProjects) = preSolution
		{5137E9E7-DD71-4EEC-B4CA-F56088FF83EE} = {03857B97-0F11-42EA-A3AF-836B0EDCB996}
		{02A1D052-60D4-40BF-8286-B65469FFFF33} = {03857B97-0F11-42EA-A3AF-836B0EDCB996}
	EndGlobalSection
	GlobalSection(ExtensibilityGlobals) = postSolution
		EnterpriseLibraryConfigurationToolBinariesPath = packages\Unity.2.1.505.2\lib\NET35
		SolutionGuid = {E70762B7-1CC0-42A1-B3C1-FF022F4F4BBB}
	EndGlobalSection
EndGlobal
